
Microsoft Visual Studio Solution File, Format Version 12.00
# Visual Studio Version 17
VisualStudioVersion = 17.8.34525.116
MinimumVisualStudioVersion = 10.0.40219.1
Project("{2150E333-8FDC-42A3-9474-1A3956D46DE8}") = "Web", "Web", "{1CEC35FD-3A04-4E1E-BB34-8928BAE82453}"
EndProject
Project("{2150E333-8FDC-42A3-9474-1A3956D46DE8}") = "API", "API", "{838B9F0C-93C5-400E-9BC8-1AB1B8A50BAF}"
EndProject
Project("{9A19103F-16F7-4668-BE54-9A1E7A4F7556}") = "FatecSisMed.MedicoAPI", "FatecSisMed.ProductAPI\FatecSisMed.MedicoAPI.csproj", "{3147E299-3AAE-4A1E-9D95-AC6D91F098E9}"
EndProject
Project("{9A19103F-16F7-4668-BE54-9A1E7A4F7556}") = "FatecSisMed.Web", "FatecSisMed.Web\FatecSisMed.Web.csproj", "{64A5FC44-427B-4B61-BE7F-39F48826EA8C}"
EndProject
Project("{FAE04EC0-301F-11D3-BF4B-00C04F79EFBC}") = "FatecSisMed.IdentityServer", "FatecSisMed.IdentityServer\FatecSisMed.IdentityServer.csproj", "{18A54C35-E21F-460B-8BA5-E8C680214401}"
EndProject
Global
	GlobalSection(SolutionConfigurationPlatforms) = preSolution
		Debug|Any CPU = Debug|Any CPU
		Release|Any CPU = Release|Any CPU
	EndGlobalSection
	GlobalSection(ProjectConfigurationPlatforms) = postSolution
		{3147E299-3AAE-4A1E-9D95-AC6D91F098E9}.Debug|Any CPU.ActiveCfg = Debug|Any CPU
		{3147E299-3AAE-4A1E-9D95-AC6D91F098E9}.Debug|Any CPU.Build.0 = Debug|Any CPU
		{3147E299-3AAE-4A1E-9D95-AC6D91F098E9}.Release|Any CPU.ActiveCfg = Release|Any CPU
		{3147E299-3AAE-4A1E-9D95-AC6D91F098E9}.Release|Any CPU.Build.0 = Release|Any CPU
		{64A5FC44-427B-4B61-BE7F-39F48826EA8C}.Debug|Any CPU.ActiveCfg = Debug|Any CPU
		{64A5FC44-427B-4B61-BE7F-39F48826EA8C}.Debug|Any CPU.Build.0 = Debug|Any CPU
		{64A5FC44-427B-4B61-BE7F-39F48826EA8C}.Release|Any CPU.ActiveCfg = Release|Any CPU
		{64A5FC44-427B-4B61-BE7F-39F48826EA8C}.Release|Any CPU.Build.0 = Release|Any CPU
		{18A54C35-E21F-460B-8BA5-E8C680214401}.Debug|Any CPU.ActiveCfg = Debug|Any CPU
		{18A54C35-E21F-460B-8BA5-E8C680214401}.Debug|Any CPU.Build.0 = Debug|Any CPU
		{18A54C35-E21F-460B-8BA5-E8C680214401}.Release|Any CPU.ActiveCfg = Release|Any CPU
		{18A54C35-E21F-460B-8BA5-E8C680214401}.Release|Any CPU.Build.0 = Release|Any CPU
	EndGlobalSection
	GlobalSection(SolutionProperties) = preSolution
		HideSolutionNode = FALSE
	EndGlobalSection
	GlobalSection(NestedProjects) = preSolution
		{3147E299-3AAE-4A1E-9D95-AC6D91F098E9} = {838B9F0C-93C5-400E-9BC8-1AB1B8A50BAF}
		{64A5FC44-427B-4B61-BE7F-39F48826EA8C} = {1CEC35FD-3A04-4E1E-BB34-8928BAE82453}
		{18A54C35-E21F-460B-8BA5-E8C680214401} = {838B9F0C-93C5-400E-9BC8-1AB1B8A50BAF}
	EndGlobalSection
	GlobalSection(ExtensibilityGlobals) = postSolution
		SolutionGuid = {E9B89447-3AF6-403D-8FC8-871A5E722B04}
	EndGlobalSection
EndGlobal
